
Microsoft Visual Studio Solution File, Format Version 12.00
# Visual Studio Version 17
VisualStudioVersion = 17.7.34202.233
MinimumVisualStudioVersion = 10.0.40219.1
Project("{FAE04EC0-301F-11D3-BF4B-00C04F79EFBC}") = "Publishing house", "Publishing house\Publishing house.csproj", "{2CE8ACD1-D730-45BE-9194-96404D1DD22B}"
EndProject
Global
	GlobalSection(SolutionConfigurationPlatforms) = preSolution
		Debug|Any CPU = Debug|Any CPU
		Release|Any CPU = Release|Any CPU
	EndGlobalSection
	GlobalSection(ProjectConfigurationPlatforms) = postSolution
		{2CE8ACD1-D730-45BE-9194-96404D1DD22B}.Debug|Any CPU.ActiveCfg = Debug|Any CPU
		{2CE8ACD1-D730-45BE-9194-96404D1DD22B}.Debug|Any CPU.Build.0 = Debug|Any CPU
		{2CE8ACD1-D730-45BE-9194-96404D1DD22B}.Release|Any CPU.ActiveCfg = Release|Any CPU
		{2CE8ACD1-D730-45BE-9194-96404D1DD22B}.Release|Any CPU.Build.0 = Release|Any CPU
	EndGlobalSection
	GlobalSection(SolutionProperties) = preSolution
		HideSolutionNode = FALSE
	EndGlobalSection
	GlobalSection(ExtensibilityGlobals) = postSolution
		SolutionGuid = {CC4169D4-0FFA-456F-BDBF-F8EAC0F50CD4}
	EndGlobalSection
EndGlobal
