
Microsoft Visual Studio Solution File, Format Version 12.00
# Visual Studio Version 17
VisualStudioVersion = 17.4.33213.308
MinimumVisualStudioVersion = 10.0.40219.1
Project("{FAE04EC0-301F-11D3-BF4B-00C04F79EFBC}") = "publishing", "publishing\publishing.csproj", "{59C33E4E-4D11-49E3-9697-FC8F71552E59}"
EndProject
Global
	GlobalSection(SolutionConfigurationPlatforms) = preSolution
		Debug|Any CPU = Debug|Any CPU
		Release|Any CPU = Release|Any CPU
	EndGlobalSection
	GlobalSection(ProjectConfigurationPlatforms) = postSolution
		{59C33E4E-4D11-49E3-9697-FC8F71552E59}.Debug|Any CPU.ActiveCfg = Debug|Any CPU
		{59C33E4E-4D11-49E3-9697-FC8F71552E59}.Debug|Any CPU.Build.0 = Debug|Any CPU
		{59C33E4E-4D11-49E3-9697-FC8F71552E59}.Release|Any CPU.ActiveCfg = Release|Any CPU
		{59C33E4E-4D11-49E3-9697-FC8F71552E59}.Release|Any CPU.Build.0 = Release|Any CPU
	EndGlobalSection
	GlobalSection(SolutionProperties) = preSolution
		HideSolutionNode = FALSE
	EndGlobalSection
	GlobalSection(ExtensibilityGlobals) = postSolution
		SolutionGuid = {1CE139B5-41C5-4827-AB2A-2D16F294673E}
	EndGlobalSection
EndGlobal
